
Microsoft Visual Studio Solution File, Format Version 12.00
# Visual Studio Version 17
VisualStudioVersion = 17.0.31903.59
MinimumVisualStudioVersion = 10.0.40219.1
Project("{2150E333-8FDC-42A3-9474-1A3956D46DE8}") = "src", "src", "{827E0CD3-B72D-47B6-A68D-7590B98EB39B}"
EndProject
Project("{FAE04EC0-301F-11D3-BF4B-00C04F79EFBC}") = "ZeroAllocReceiver.Core", "src\ZeroAllocReceiver.Core\ZeroAllocReceiver.Core.csproj", "{799B203B-F174-422A-92E7-1155E5A6CF8D}"
EndProject
Project("{FAE04EC0-301F-11D3-BF4B-00C04F79EFBC}") = "ZeroAllocReceiver.Console", "src\ZeroAllocReceiver.Console\ZeroAllocReceiver.Console.csproj", "{5300234D-8F74-45D5-B4F2-FA5B19A92C38}"
EndProject
Project("{2150E333-8FDC-42A3-9474-1A3956D46DE8}") = "tests", "tests", "{0AB3BF05-4346-4AA6-1389-037BE0695223}"
EndProject
Project("{FAE04EC0-301F-11D3-BF4B-00C04F79EFBC}") = "ZeroAllocReceiver.Tests", "tests\ZeroAllocReceiver.Tests\ZeroAllocReceiver.Tests.csproj", "{C6D9A5B0-B94B-4C50-A125-665D26EA911F}"
EndProject
Project("{2150E333-8FDC-42A3-9474-1A3956D46DE8}") = "benchmarks", "benchmarks", "{66320409-64EC-F7C5-3DEF-65E7510DAAD1}"
EndProject
Project("{FAE04EC0-301F-11D3-BF4B-00C04F79EFBC}") = "ZeroAllocReceiver.Benchmarks", "benchmarks\ZeroAllocReceiver.Benchmarks\ZeroAllocReceiver.Benchmarks.csproj", "{BC8E3527-A3E8-4146-868D-A0C822EB3953}"
EndProject
Global
	GlobalSection(SolutionConfigurationPlatforms) = preSolution
		Debug|Any CPU = Debug|Any CPU
		Debug|x64 = Debug|x64
		Debug|x86 = Debug|x86
		Release|Any CPU = Release|Any CPU
		Release|x64 = Release|x64
		Release|x86 = Release|x86
	EndGlobalSection
	GlobalSection(ProjectConfigurationPlatforms) = postSolution
		{799B203B-F174-422A-92E7-1155E5A6CF8D}.Debug|Any CPU.ActiveCfg = Debug|Any CPU
		{799B203B-F174-422A-92E7-1155E5A6CF8D}.Debug|Any CPU.Build.0 = Debug|Any CPU
		{799B203B-F174-422A-92E7-1155E5A6CF8D}.Debug|x64.ActiveCfg = Debug|Any CPU
		{799B203B-F174-422A-92E7-1155E5A6CF8D}.Debug|x64.Build.0 = Debug|Any CPU
		{799B203B-F174-422A-92E7-1155E5A6CF8D}.Debug|x86.ActiveCfg = Debug|Any CPU
		{799B203B-F174-422A-92E7-1155E5A6CF8D}.Debug|x86.Build.0 = Debug|Any CPU
		{799B203B-F174-422A-92E7-1155E5A6CF8D}.Release|Any CPU.ActiveCfg = Release|Any CPU
		{799B203B-F174-422A-92E7-1155E5A6CF8D}.Release|Any CPU.Build.0 = Release|Any CPU
		{799B203B-F174-422A-92E7-1155E5A6CF8D}.Release|x64.ActiveCfg = Release|Any CPU
		{799B203B-F174-422A-92E7-1155E5A6CF8D}.Release|x64.Build.0 = Release|Any CPU
		{799B203B-F174-422A-92E7-1155E5A6CF8D}.Release|x86.ActiveCfg = Release|Any CPU
		{799B203B-F174-422A-92E7-1155E5A6CF8D}.Release|x86.Build.0 = Release|Any CPU
		{5300234D-8F74-45D5-B4F2-FA5B19A92C38}.Debug|Any CPU.ActiveCfg = Debug|Any CPU
		{5300234D-8F74-45D5-B4F2-FA5B19A92C38}.Debug|Any CPU.Build.0 = Debug|Any CPU
		{5300234D-8F74-45D5-B4F2-FA5B19A92C38}.Debug|x64.ActiveCfg = Debug|Any CPU
		{5300234D-8F74-45D5-B4F2-FA5B19A92C38}.Debug|x64.Build.0 = Debug|Any CPU
		{5300234D-8F74-45D5-B4F2-FA5B19A92C38}.Debug|x86.ActiveCfg = Debug|Any CPU
		{5300234D-8F74-45D5-B4F2-FA5B19A92C38}.Debug|x86.Build.0 = Debug|Any CPU
		{5300234D-8F74-45D5-B4F2-FA5B19A92C38}.Release|Any CPU.ActiveCfg = Release|Any CPU
		{5300234D-8F74-45D5-B4F2-FA5B19A92C38}.Release|Any CPU.Build.0 = Release|Any CPU
		{5300234D-8F74-45D5-B4F2-FA5B19A92C38}.Release|x64.ActiveCfg = Release|Any CPU
		{5300234D-8F74-45D5-B4F2-FA5B19A92C38}.Release|x64.Build.0 = Release|Any CPU
		{5300234D-8F74-45D5-B4F2-FA5B19A92C38}.Release|x86.ActiveCfg = Release|Any CPU
		{5300234D-8F74-45D5-B4F2-FA5B19A92C38}.Release|x86.Build.0 = Release|Any CPU
		{C6D9A5B0-B94B-4C50-A125-665D26EA911F}.Debug|Any CPU.ActiveCfg = Debug|Any CPU
		{C6D9A5B0-B94B-4C50-A125-665D26EA911F}.Debug|Any CPU.Build.0 = Debug|Any CPU
		{C6D9A5B0-B94B-4C50-A125-665D26EA911F}.Debug|x64.ActiveCfg = Debug|Any CPU
		{C6D9A5B0-B94B-4C50-A125-665D26EA911F}.Debug|x64.Build.0 = Debug|Any CPU
		{C6D9A5B0-B94B-4C50-A125-665D26EA911F}.Debug|x86.ActiveCfg = Debug|Any CPU
		{C6D9A5B0-B94B-4C50-A125-665D26EA911F}.Debug|x86.Build.0 = Debug|Any CPU
		{C6D9A5B0-B94B-4C50-A125-665D26EA911F}.Release|Any CPU.ActiveCfg = Release|Any CPU
		{C6D9A5B0-B94B-4C50-A125-665D26EA911F}.Release|Any CPU.Build.0 = Release|Any CPU
		{C6D9A5B0-B94B-4C50-A125-665D26EA911F}.Release|x64.ActiveCfg = Release|Any CPU
		{C6D9A5B0-B94B-4C50-A125-665D26EA911F}.Release|x64.Build.0 = Release|Any CPU
		{C6D9A5B0-B94B-4C50-A125-665D26EA911F}.Release|x86.ActiveCfg = Release|Any CPU
		{C6D9A5B0-B94B-4C50-A125-665D26EA911F}.Release|x86.Build.0 = Release|Any CPU
		{BC8E3527-A3E8-4146-868D-A0C822EB3953}.Debug|Any CPU.ActiveCfg = Debug|Any CPU
		{BC8E3527-A3E8-4146-868D-A0C822EB3953}.Debug|Any CPU.Build.0 = Debug|Any CPU
		{BC8E3527-A3E8-4146-868D-A0C822EB3953}.Debug|x64.ActiveCfg = Debug|Any CPU
		{BC8E3527-A3E8-4146-868D-A0C822EB3953}.Debug|x64.Build.0 = Debug|Any CPU
		{BC8E3527-A3E8-4146-868D-A0C822EB3953}.Debug|x86.ActiveCfg = Debug|Any CPU
		{BC8E3527-A3E8-4146-868D-A0C822EB3953}.Debug|x86.Build.0 = Debug|Any CPU
		{BC8E3527-A3E8-4146-868D-A0C822EB3953}.Release|Any CPU.ActiveCfg = Release|Any CPU
		{BC8E3527-A3E8-4146-868D-A0C822EB3953}.Release|Any CPU.Build.0 = Release|Any CPU
		{BC8E3527-A3E8-4146-868D-A0C822EB3953}.Release|x64.ActiveCfg = Release|Any CPU
		{BC8E3527-A3E8-4146-868D-A0C822EB3953}.Release|x64.Build.0 = Release|Any CPU
		{BC8E3527-A3E8-4146-868D-A0C822EB3953}.Release|x86.ActiveCfg = Release|Any CPU
		{BC8E3527-A3E8-4146-868D-A0C822EB3953}.Release|x86.Build.0 = Release|Any CPU
	EndGlobalSection
	GlobalSection(SolutionProperties) = preSolution
		HideSolutionNode = FALSE
	EndGlobalSection
	GlobalSection(NestedProjects) = preSolution
		{799B203B-F174-422A-92E7-1155E5A6CF8D} = {827E0CD3-B72D-47B6-A68D-7590B98EB39B}
		{5300234D-8F74-45D5-B4F2-FA5B19A92C38} = {827E0CD3-B72D-47B6-A68D-7590B98EB39B}
		{C6D9A5B0-B94B-4C50-A125-665D26EA911F} = {0AB3BF05-4346-4AA6-1389-037BE0695223}
		{BC8E3527-A3E8-4146-868D-A0C822EB3953} = {66320409-64EC-F7C5-3DEF-65E7510DAAD1}
	EndGlobalSection
EndGlobal
